// !$*UTF8*$!
{
	archiveVersion = 1;
	classes = {
	};
	objectVersion = 46;
	objects = {

/* Begin PBXBuildFile section */
		AB60AC8E15834A2A00B33F4A /* NSObject+SBJSON.m in Sources */ = {isa = PBXBuildFile; fileRef = AB60AC6D15834A2A00B33F4A /* NSObject+SBJSON.m */; };
		AB60AC8F15834A2A00B33F4A /* NSString+SBJSON.m in Sources */ = {isa = PBXBuildFile; fileRef = AB60AC6F15834A2A00B33F4A /* NSString+SBJSON.m */; };
		AB60AC9015834A2A00B33F4A /* SBJsonBase.m in Sources */ = {isa = PBXBuildFile; fileRef = AB60AC7115834A2A00B33F4A /* SBJsonBase.m */; };
		AB60AC9115834A2A00B33F4A /* SBJsonParser.m in Sources */ = {isa = PBXBuildFile; fileRef = AB60AC7315834A2A00B33F4A /* SBJsonParser.m */; };
		AB60AC9215834A2A00B33F4A /* SBJsonWriter.m in Sources */ = {isa = PBXBuildFile; fileRef = AB60AC7515834A2A00B33F4A /* SBJsonWriter.m */; };
		AB60AC9315834A2A00B33F4A /* Reachability.m in Sources */ = {isa = PBXBuildFile; fileRef = AB60AC7815834A2A00B33F4A /* Reachability.m */; };
		AB60AC9415834A2A00B33F4A /* ASIAuthenticationDialog.m in Sources */ = {isa = PBXBuildFile; fileRef = AB60AC7B15834A2A00B33F4A /* ASIAuthenticationDialog.m */; };
		AB60AC9515834A2A00B33F4A /* ASIDataCompressor.m in Sources */ = {isa = PBXBuildFile; fileRef = AB60AC7E15834A2A00B33F4A /* ASIDataCompressor.m */; };
		AB60AC9615834A2A00B33F4A /* ASIDataDecompressor.m in Sources */ = {isa = PBXBuildFile; fileRef = AB60AC8015834A2A00B33F4A /* ASIDataDecompressor.m */; };
		AB60AC9715834A2A00B33F4A /* ASIDownloadCache.m in Sources */ = {isa = PBXBuildFile; fileRef = AB60AC8215834A2A00B33F4A /* ASIDownloadCache.m */; };
		AB60AC9815834A2A00B33F4A /* ASIFormDataRequest.m in Sources */ = {isa = PBXBuildFile; fileRef = AB60AC8415834A2A00B33F4A /* ASIFormDataRequest.m */; };
		AB60AC9915834A2A00B33F4A /* ASIHTTPRequest.m in Sources */ = {isa = PBXBuildFile; fileRef = AB60AC8615834A2A00B33F4A /* ASIHTTPRequest.m */; };
		AB60AC9A15834A2A00B33F4A /* ASIInputStream.m in Sources */ = {isa = PBXBuildFile; fileRef = AB60AC8A15834A2A00B33F4A /* ASIInputStream.m */; };
		AB60AC9B15834A2A00B33F4A /* ASINetworkQueue.m in Sources */ = {isa = PBXBuildFile; fileRef = AB60AC8C15834A2A00B33F4A /* ASINetworkQueue.m */; };
		AB60ACA715834A7000B33F4A /* User.m in Sources */ = {isa = PBXBuildFile; fileRef = AB60AC9D15834A7000B33F4A /* User.m */; };
		AB60ACA815834A7000B33F4A /* Status.m in Sources */ = {isa = PBXBuildFile; fileRef = AB60AC9F15834A7000B33F4A /* Status.m */; };
		AB60ACA915834A7000B33F4A /* DummyGapStatus.m in Sources */ = {isa = PBXBuildFile; fileRef = AB60ACA115834A7000B33F4A /* DummyGapStatus.m */; };
		AB60ACAA15834A7000B33F4A /* Draft.m in Sources */ = {isa = PBXBuildFile; fileRef = AB60ACA315834A7000B33F4A /* Draft.m */; };
		AB60ACAB15834A7000B33F4A /* Comment.m in Sources */ = {isa = PBXBuildFile; fileRef = AB60ACA515834A7000B33F4A /* Comment.m */; };
		AB60ACB315834AE300B33F4A /* NSStringAdditions.m in Sources */ = {isa = PBXBuildFile; fileRef = AB60ACAD15834AE300B33F4A /* NSStringAdditions.m */; };
		AB60ACB415834AE300B33F4A /* NSDictionaryAdditions.m in Sources */ = {isa = PBXBuildFile; fileRef = AB60ACAF15834AE300B33F4A /* NSDictionaryAdditions.m */; };
		AB60ACB515834AE300B33F4A /* NSDataAdditions.m in Sources */ = {isa = PBXBuildFile; fileRef = AB60ACB115834AE300B33F4A /* NSDataAdditions.m */; };
		AB60ACBB15834B3200B33F4A /* WeiBoMessageManager.m in Sources */ = {isa = PBXBuildFile; fileRef = AB60ACB715834B3200B33F4A /* WeiBoMessageManager.m */; };
		AB60ACBC15834B3200B33F4A /* WeiBoHttpManager.m in Sources */ = {isa = PBXBuildFile; fileRef = AB60ACB915834B3200B33F4A /* WeiBoHttpManager.m */; };
		AB60ACBF15834B5700B33F4A /* StringUtil.m in Sources */ = {isa = PBXBuildFile; fileRef = AB60ACBD15834B5700B33F4A /* StringUtil.m */; };
		AB60ACC515834B8D00B33F4A /* MessageUI.framework in Frameworks */ = {isa = PBXBuildFile; fileRef = AB60ACC415834B8D00B33F4A /* MessageUI.framework */; };
		AB60ACC715834B9800B33F4A /* SystemConfiguration.framework in Frameworks */ = {isa = PBXBuildFile; fileRef = AB60ACC615834B9800B33F4A /* SystemConfiguration.framework */; };
		AB60ACC915834B9F00B33F4A /* Security.framework in Frameworks */ = {isa = PBXBuildFile; fileRef = AB60ACC815834B9F00B33F4A /* Security.framework */; };
		AB60ACCB15834BA600B33F4A /* MobileCoreServices.framework in Frameworks */ = {isa = PBXBuildFile; fileRef = AB60ACCA15834BA600B33F4A /* MobileCoreServices.framework */; };
		AB60ACCD15834BAC00B33F4A /* CFNetwork.framework in Frameworks */ = {isa = PBXBuildFile; fileRef = AB60ACCC15834BAC00B33F4A /* CFNetwork.framework */; };
		AB60ACCF15834BB900B33F4A /* libz.dylib in Frameworks */ = {isa = PBXBuildFile; fileRef = AB60ACCE15834BB900B33F4A /* libz.dylib */; };
		AB60ACD115834BC100B33F4A /* libicucore.dylib in Frameworks */ = {isa = PBXBuildFile; fileRef = AB60ACD015834BC100B33F4A /* libicucore.dylib */; };
		AB60ACD315834BC900B33F4A /* libsqlite3.dylib in Frameworks */ = {isa = PBXBuildFile; fileRef = AB60ACD215834BC900B33F4A /* libsqlite3.dylib */; };
		AB9A635C15836C110041EEE9 /* ImageIO.framework in Frameworks */ = {isa = PBXBuildFile; fileRef = AB9A635B15836C110041EEE9 /* ImageIO.framework */; };
		AB9A63C715836C660041EEE9 /* blueArrow.png in Resources */ = {isa = PBXBuildFile; fileRef = AB9A636015836C660041EEE9 /* blueArrow.png */; };
		AB9A63C815836C670041EEE9 /* blueArrow@2x.png in Resources */ = {isa = PBXBuildFile; fileRef = AB9A636115836C660041EEE9 /* blueArrow@2x.png */; };
		AB9A63C915836C670041EEE9 /* input_window.png in Resources */ = {isa = PBXBuildFile; fileRef = AB9A636215836C660041EEE9 /* input_window.png */; };
		AB9A63CA15836C670041EEE9 /* input_window@2x.png in Resources */ = {isa = PBXBuildFile; fileRef = AB9A636315836C660041EEE9 /* input_window@2x.png */; };
		AB9A63CB15836C670041EEE9 /* noImage50x118.png in Resources */ = {isa = PBXBuildFile; fileRef = AB9A636415836C660041EEE9 /* noImage50x118.png */; };
		AB9A63CC15836C670041EEE9 /* noImage50x118@2x.png in Resources */ = {isa = PBXBuildFile; fileRef = AB9A636515836C660041EEE9 /* noImage50x118@2x.png */; };
		AB9A63CD15836C670041EEE9 /* tabbar_greenbtn.png in Resources */ = {isa = PBXBuildFile; fileRef = AB9A636615836C660041EEE9 /* tabbar_greenbtn.png */; };
		AB9A63CE15836C670041EEE9 /* tabbar_greenbtn@2x.png in Resources */ = {isa = PBXBuildFile; fileRef = AB9A636715836C660041EEE9 /* tabbar_greenbtn@2x.png */; };
		AB9A63CF15836C670041EEE9 /* table_header_bg.png in Resources */ = {isa = PBXBuildFile; fileRef = AB9A636815836C660041EEE9 /* table_header_bg.png */; };
		AB9A63D015836C670041EEE9 /* table_header_bg@2x.png in Resources */ = {isa = PBXBuildFile; fileRef = AB9A636915836C660041EEE9 /* table_header_bg@2x.png */; };
		AB9A63D115836C670041EEE9 /* timeline_rt_border_b.png in Resources */ = {isa = PBXBuildFile; fileRef = AB9A636A15836C660041EEE9 /* timeline_rt_border_b.png */; };
		AB9A63D215836C670041EEE9 /* timeline_rt_border_b@2x.png in Resources */ = {isa = PBXBuildFile; fileRef = AB9A636B15836C660041EEE9 /* timeline_rt_border_b@2x.png */; };
		AB9A63D315836C670041EEE9 /* timeline_rt_border_m.png in Resources */ = {isa = PBXBuildFile; fileRef = AB9A636C15836C660041EEE9 /* timeline_rt_border_m.png */; };
		AB9A63D415836C670041EEE9 /* timeline_rt_border_m@2x.png in Resources */ = {isa = PBXBuildFile; fileRef = AB9A636D15836C660041EEE9 /* timeline_rt_border_m@2x.png */; };
		AB9A63D515836C670041EEE9 /* timeline_rt_border_t.png in Resources */ = {isa = PBXBuildFile; fileRef = AB9A636E15836C660041EEE9 /* timeline_rt_border_t.png */; };
		AB9A63D615836C670041EEE9 /* timeline_rt_border_t@2x.png in Resources */ = {isa = PBXBuildFile; fileRef = AB9A636F15836C660041EEE9 /* timeline_rt_border_t@2x.png */; };
		AB9A63D715836C670041EEE9 /* touxiang_40x40.png in Resources */ = {isa = PBXBuildFile; fileRef = AB9A637015836C660041EEE9 /* touxiang_40x40.png */; };
		AB9A63D815836C670041EEE9 /* touxiang_40x40@2x.png in Resources */ = {isa = PBXBuildFile; fileRef = AB9A637115836C660041EEE9 /* touxiang_40x40@2x.png */; };
		AB9A63D915836C670041EEE9 /* 16x16.png in Resources */ = {isa = PBXBuildFile; fileRef = AB9A637315836C660041EEE9 /* 16x16.png */; };
		AB9A63DA15836C670041EEE9 /* 24x24.png in Resources */ = {isa = PBXBuildFile; fileRef = AB9A637415836C660041EEE9 /* 24x24.png */; };
		AB9A63DB15836C670041EEE9 /* 32x32.png in Resources */ = {isa = PBXBuildFile; fileRef = AB9A637515836C660041EEE9 /* 32x32.png */; };
		AB9A63DC15836C670041EEE9 /* 48x48.png in Resources */ = {isa = PBXBuildFile; fileRef = AB9A637615836C660041EEE9 /* 48x48.png */; };
		AB9A63DD15836C670041EEE9 /* Icon-Small.png in Resources */ = {isa = PBXBuildFile; fileRef = AB9A637715836C660041EEE9 /* Icon-Small.png */; };
		AB9A63DE15836C670041EEE9 /* Icon-Small@2x.png in Resources */ = {isa = PBXBuildFile; fileRef = AB9A637815836C660041EEE9 /* Icon-Small@2x.png */; };
		AB9A63DF15836C670041EEE9 /* loadingImage_50x118.png in Resources */ = {isa = PBXBuildFile; fileRef = AB9A637915836C660041EEE9 /* loadingImage_50x118.png */; };
		AB9A63E015836C670041EEE9 /* loadingImage_50x118@2x.png in Resources */ = {isa = PBXBuildFile; fileRef = AB9A637A15836C660041EEE9 /* loadingImage_50x118@2x.png */; };
		AB9A63E115836C670041EEE9 /* LOGO_16x16.png in Resources */ = {isa = PBXBuildFile; fileRef = AB9A637B15836C660041EEE9 /* LOGO_16x16.png */; };
		AB9A63E215836C670041EEE9 /* LOGO_24x24.png in Resources */ = {isa = PBXBuildFile; fileRef = AB9A637C15836C660041EEE9 /* LOGO_24x24.png */; };
		AB9A63E315836C670041EEE9 /* LOGO_32x32.png in Resources */ = {isa = PBXBuildFile; fileRef = AB9A637D15836C660041EEE9 /* LOGO_32x32.png */; };
		AB9A63E415836C670041EEE9 /* LOGO_48x48.png in Resources */ = {isa = PBXBuildFile; fileRef = AB9A637E15836C660041EEE9 /* LOGO_48x48.png */; };
		AB9A63E515836C670041EEE9 /* LOGO_64x64.png in Resources */ = {isa = PBXBuildFile; fileRef = AB9A637F15836C660041EEE9 /* LOGO_64x64.png */; };
		AB9A63E615836C670041EEE9 /* statusbar_background.png in Resources */ = {isa = PBXBuildFile; fileRef = AB9A638015836C660041EEE9 /* statusbar_background.png */; };
		AB9A63E715836C670041EEE9 /* tabbar_whitebtn.png in Resources */ = {isa = PBXBuildFile; fileRef = AB9A638115836C660041EEE9 /* tabbar_whitebtn.png */; };
		AB9A63E815836C670041EEE9 /* tabbar_whitebtn@2x.png in Resources */ = {isa = PBXBuildFile; fileRef = AB9A638215836C660041EEE9 /* tabbar_whitebtn@2x.png */; };
		AB9A63E915836C670041EEE9 /* CustomScrollView.m in Sources */ = {isa = PBXBuildFile; fileRef = AB9A638615836C660041EEE9 /* CustomScrollView.m */; };
		AB9A63EA15836C670041EEE9 /* GifView.m in Sources */ = {isa = PBXBuildFile; fileRef = AB9A638815836C660041EEE9 /* GifView.m */; };
		AB9A63EB15836C670041EEE9 /* ImageBrowser.m in Sources */ = {isa = PBXBuildFile; fileRef = AB9A638A15836C660041EEE9 /* ImageBrowser.m */; };
		AB9A63EC15836C670041EEE9 /* ImageBrowser.xib in Resources */ = {isa = PBXBuildFile; fileRef = AB9A638B15836C660041EEE9 /* ImageBrowser.xib */; };
		AB9A63ED15836C670041EEE9 /* ImageProcess.m in Sources */ = {isa = PBXBuildFile; fileRef = AB9A638D15836C660041EEE9 /* ImageProcess.m */; };
		AB9A63EE15836C670041EEE9 /* EGORefreshTableHeaderView.m in Sources */ = {isa = PBXBuildFile; fileRef = AB9A639015836C660041EEE9 /* EGORefreshTableHeaderView.m */; };
		AB9A63EF15836C670041EEE9 /* PullRefreshTableViewController.m in Sources */ = {isa = PBXBuildFile; fileRef = AB9A639215836C660041EEE9 /* PullRefreshTableViewController.m */; };
		AB9A63F015836C670041EEE9 /* LPBaseCell.m in Sources */ = {isa = PBXBuildFile; fileRef = AB9A639515836C660041EEE9 /* LPBaseCell.m */; };
		AB9A63F115836C670041EEE9 /* LPFriendCell.m in Sources */ = {isa = PBXBuildFile; fileRef = AB9A639715836C660041EEE9 /* LPFriendCell.m */; };
		AB9A63F215836C670041EEE9 /* LPFriendCell.xib in Resources */ = {isa = PBXBuildFile; fileRef = AB9A639815836C660041EEE9 /* LPFriendCell.xib */; };
		AB9A63F315836C670041EEE9 /* StatusCell.m in Sources */ = {isa = PBXBuildFile; fileRef = AB9A639A15836C660041EEE9 /* StatusCell.m */; };
		AB9A63F415836C670041EEE9 /* StatusCell.xib in Resources */ = {isa = PBXBuildFile; fileRef = AB9A639B15836C660041EEE9 /* StatusCell.xib */; };
		AB9A63F515836C670041EEE9 /* ZJTCommentCell.m in Sources */ = {isa = PBXBuildFile; fileRef = AB9A639D15836C660041EEE9 /* ZJTCommentCell.m */; };
		AB9A63F615836C670041EEE9 /* ZJTCommentCell.xib in Resources */ = {isa = PBXBuildFile; fileRef = AB9A639E15836C660041EEE9 /* ZJTCommentCell.xib */; };
		AB9A63F715836C670041EEE9 /* AddCommentVC.m in Sources */ = {isa = PBXBuildFile; fileRef = AB9A63A115836C660041EEE9 /* AddCommentVC.m */; };
		AB9A63F815836C670041EEE9 /* AddCommentVC.xib in Resources */ = {isa = PBXBuildFile; fileRef = AB9A63A215836C660041EEE9 /* AddCommentVC.xib */; };
		AB9A63F915836C670041EEE9 /* FollowerVC.m in Sources */ = {isa = PBXBuildFile; fileRef = AB9A63A415836C660041EEE9 /* FollowerVC.m */; };
		AB9A63FA15836C670041EEE9 /* FollowerVC.xib in Resources */ = {isa = PBXBuildFile; fileRef = AB9A63A515836C660041EEE9 /* FollowerVC.xib */; };
		AB9A63FB15836C670041EEE9 /* OAuthWebView.m in Sources */ = {isa = PBXBuildFile; fileRef = AB9A63A715836C660041EEE9 /* OAuthWebView.m */; };
		AB9A63FC15836C670041EEE9 /* OAuthWebView.xib in Resources */ = {isa = PBXBuildFile; fileRef = AB9A63A815836C660041EEE9 /* OAuthWebView.xib */; };
		AB9A63FD15836C670041EEE9 /* ProfileVC.m in Sources */ = {isa = PBXBuildFile; fileRef = AB9A63AA15836C660041EEE9 /* ProfileVC.m */; };
		AB9A63FE15836C670041EEE9 /* ProfileVC.xib in Resources */ = {isa = PBXBuildFile; fileRef = AB9A63AB15836C660041EEE9 /* ProfileVC.xib */; };
		AB9A63FF15836C670041EEE9 /* SettingVC.m in Sources */ = {isa = PBXBuildFile; fileRef = AB9A63AD15836C660041EEE9 /* SettingVC.m */; };
		AB9A640015836C670041EEE9 /* SettingVC.xib in Resources */ = {isa = PBXBuildFile; fileRef = AB9A63AE15836C660041EEE9 /* SettingVC.xib */; };
		AB9A640115836C670041EEE9 /* StatusViewContrillerBase.m in Sources */ = {isa = PBXBuildFile; fileRef = AB9A63B015836C660041EEE9 /* StatusViewContrillerBase.m */; };
		AB9A640215836C670041EEE9 /* StatusViewContrillerBase.xib in Resources */ = {isa = PBXBuildFile; fileRef = AB9A63B115836C660041EEE9 /* StatusViewContrillerBase.xib */; };
		AB9A640315836C670041EEE9 /* TwitterVC.m in Sources */ = {isa = PBXBuildFile; fileRef = AB9A63B315836C660041EEE9 /* TwitterVC.m */; };
		AB9A640415836C670041EEE9 /* TwitterVC.xib in Resources */ = {isa = PBXBuildFile; fileRef = AB9A63B415836C660041EEE9 /* TwitterVC.xib */; };
		AB9A640515836C670041EEE9 /* ZJTDetailStatusVC.m in Sources */ = {isa = PBXBuildFile; fileRef = AB9A63B615836C660041EEE9 /* ZJTDetailStatusVC.m */; };
		AB9A640615836C670041EEE9 /* ZJTDetailStatusVC.xib in Resources */ = {isa = PBXBuildFile; fileRef = AB9A63B715836C660041EEE9 /* ZJTDetailStatusVC.xib */; };
		AB9A640715836C670041EEE9 /* ZJTHomeViewController.m in Sources */ = {isa = PBXBuildFile; fileRef = AB9A63B915836C660041EEE9 /* ZJTHomeViewController.m */; };
		AB9A640815836C670041EEE9 /* ZJTHotRepostViewController.m in Sources */ = {isa = PBXBuildFile; fileRef = AB9A63BB15836C660041EEE9 /* ZJTHotRepostViewController.m */; };
		AB9A640915836C670041EEE9 /* ZJTStatusBaseVC.m in Sources */ = {isa = PBXBuildFile; fileRef = AB9A63BD15836C660041EEE9 /* ZJTStatusBaseVC.m */; };
		AB9A640A15836C670041EEE9 /* SHKActivityIndicator.m in Sources */ = {isa = PBXBuildFile; fileRef = AB9A63C015836C660041EEE9 /* SHKActivityIndicator.m */; };
		AB9A640B15836C670041EEE9 /* ZJTHelpler.m in Sources */ = {isa = PBXBuildFile; fileRef = AB9A63C415836C660041EEE9 /* ZJTHelpler.m */; };
		AB9A640C15836C670041EEE9 /* ZJTStatusBarAlertWindow.m in Sources */ = {isa = PBXBuildFile; fileRef = AB9A63C615836C660041EEE9 /* ZJTStatusBarAlertWindow.m */; };
		ABACD5F415833ED5009E7AD2 /* UIKit.framework in Frameworks */ = {isa = PBXBuildFile; fileRef = ABACD5F315833ED5009E7AD2 /* UIKit.framework */; };
		ABACD5F615833ED5009E7AD2 /* Foundation.framework in Frameworks */ = {isa = PBXBuildFile; fileRef = ABACD5F515833ED5009E7AD2 /* Foundation.framework */; };
		ABACD5F815833ED5009E7AD2 /* CoreGraphics.framework in Frameworks */ = {isa = PBXBuildFile; fileRef = ABACD5F715833ED5009E7AD2 /* CoreGraphics.framework */; };
		ABACD5FE15833ED5009E7AD2 /* InfoPlist.strings in Resources */ = {isa = PBXBuildFile; fileRef = ABACD5FC15833ED5009E7AD2 /* InfoPlist.strings */; };
		ABACD60015833ED5009E7AD2 /* main.m in Sources */ = {isa = PBXBuildFile; fileRef = ABACD5FF15833ED5009E7AD2 /* main.m */; };
		ABACD60415833ED5009E7AD2 /* ZJTAppDelegate.m in Sources */ = {isa = PBXBuildFile; fileRef = ABACD60315833ED5009E7AD2 /* ZJTAppDelegate.m */; };
		ABACD60715833ED5009E7AD2 /* ZJTViewController.m in Sources */ = {isa = PBXBuildFile; fileRef = ABACD60615833ED5009E7AD2 /* ZJTViewController.m */; };
		ABACD60A15833ED5009E7AD2 /* ZJTViewController.xib in Resources */ = {isa = PBXBuildFile; fileRef = ABACD60815833ED5009E7AD2 /* ZJTViewController.xib */; };
/* End PBXBuildFile section */

/* Begin PBXFileReference section */
		AB60AC6B15834A2A00B33F4A /* JSON.h */ = {isa = PBXFileReference; fileEncoding = 4; lastKnownFileType = sourcecode.c.h; path = JSON.h; sourceTree = "<group>"; };
		AB60AC6C15834A2A00B33F4A /* NSObject+SBJSON.h */ = {isa = PBXFileReference; fileEncoding = 4; lastKnownFileType = sourcecode.c.h; path = "NSObject+SBJSON.h"; sourceTree = "<group>"; };
		AB60AC6D15834A2A00B33F4A /* NSObject+SBJSON.m */ = {isa = PBXFileReference; fileEncoding = 4; lastKnownFileType = sourcecode.c.objc; path = "NSObject+SBJSON.m"; sourceTree = "<group>"; };
		AB60AC6E15834A2A00B33F4A /* NSString+SBJSON.h */ = {isa = PBXFileReference; fileEncoding = 4; lastKnownFileType = sourcecode.c.h; path = "NSString+SBJSON.h"; sourceTree = "<group>"; };
		AB60AC6F15834A2A00B33F4A /* NSString+SBJSON.m */ = {isa = PBXFileReference; fileEncoding = 4; lastKnownFileType = sourcecode.c.objc; path = "NSString+SBJSON.m"; sourceTree = "<group>"; };
		AB60AC7015834A2A00B33F4A /* SBJsonBase.h */ = {isa = PBXFileReference; fileEncoding = 4; lastKnownFileType = sourcecode.c.h; path = SBJsonBase.h; sourceTree = "<group>"; };
		AB60AC7115834A2A00B33F4A /* SBJsonBase.m */ = {isa = PBXFileReference; fileEncoding = 4; lastKnownFileType = sourcecode.c.objc; path = SBJsonBase.m; sourceTree = "<group>"; };
		AB60AC7215834A2A00B33F4A /* SBJsonParser.h */ = {isa = PBXFileReference; fileEncoding = 4; lastKnownFileType = sourcecode.c.h; path = SBJsonParser.h; sourceTree = "<group>"; };
		AB60AC7315834A2A00B33F4A /* SBJsonParser.m */ = {isa = PBXFileReference; fileEncoding = 4; lastKnownFileType = sourcecode.c.objc; path = SBJsonParser.m; sourceTree = "<group>"; };
		AB60AC7415834A2A00B33F4A /* SBJsonWriter.h */ = {isa = PBXFileReference; fileEncoding = 4; lastKnownFileType = sourcecode.c.h; path = SBJsonWriter.h; sourceTree = "<group>"; };
		AB60AC7515834A2A00B33F4A /* SBJsonWriter.m */ = {isa = PBXFileReference; fileEncoding = 4; lastKnownFileType = sourcecode.c.objc; path = SBJsonWriter.m; sourceTree = "<group>"; };
		AB60AC7715834A2A00B33F4A /* Reachability.h */ = {isa = PBXFileReference; fileEncoding = 4; lastKnownFileType = sourcecode.c.h; path = Reachability.h; sourceTree = "<group>"; };
		AB60AC7815834A2A00B33F4A /* Reachability.m */ = {isa = PBXFileReference; fileEncoding = 4; lastKnownFileType = sourcecode.c.objc; path = Reachability.m; sourceTree = "<group>"; };
		AB60AC7A15834A2A00B33F4A /* ASIAuthenticationDialog.h */ = {isa = PBXFileReference; fileEncoding = 4; lastKnownFileType = sourcecode.c.h; path = ASIAuthenticationDialog.h; sourceTree = "<group>"; };
		AB60AC7B15834A2A00B33F4A /* ASIAuthenticationDialog.m */ = {isa = PBXFileReference; fileEncoding = 4; lastKnownFileType = sourcecode.c.objc; path = ASIAuthenticationDialog.m; sourceTree = "<group>"; };
		AB60AC7C15834A2A00B33F4A /* ASICacheDelegate.h */ = {isa = PBXFileReference; fileEncoding = 4; lastKnownFileType = sourcecode.c.h; path = ASICacheDelegate.h; sourceTree = "<group>"; };
		AB60AC7D15834A2A00B33F4A /* ASIDataCompressor.h */ = {isa = PBXFileReference; fileEncoding = 4; lastKnownFileType = sourcecode.c.h; path = ASIDataCompressor.h; sourceTree = "<group>"; };
		AB60AC7E15834A2A00B33F4A /* ASIDataCompressor.m */ = {isa = PBXFileReference; fileEncoding = 4; lastKnownFileType = sourcecode.c.objc; path = ASIDataCompressor.m; sourceTree = "<group>"; };
		AB60AC7F15834A2A00B33F4A /* ASIDataDecompressor.h */ = {isa = PBXFileReference; fileEncoding = 4; lastKnownFileType = sourcecode.c.h; path = ASIDataDecompressor.h; sourceTree = "<group>"; };
		AB60AC8015834A2A00B33F4A /* ASIDataDecompressor.m */ = {isa = PBXFileReference; fileEncoding = 4; lastKnownFileType = sourcecode.c.objc; path = ASIDataDecompressor.m; sourceTree = "<group>"; };
		AB60AC8115834A2A00B33F4A /* ASIDownloadCache.h */ = {isa = PBXFileReference; fileEncoding = 4; lastKnownFileType = sourcecode.c.h; path = ASIDownloadCache.h; sourceTree = "<group>"; };
		AB60AC8215834A2A00B33F4A /* ASIDownloadCache.m */ = {isa = PBXFileReference; fileEncoding = 4; lastKnownFileType = sourcecode.c.objc; path = ASIDownloadCache.m; sourceTree = "<group>"; };
		AB60AC8315834A2A00B33F4A /* ASIFormDataRequest.h */ = {isa = PBXFileReference; fileEncoding = 4; lastKnownFileType = sourcecode.c.h; path = ASIFormDataRequest.h; sourceTree = "<group>"; };
		AB60AC8415834A2A00B33F4A /* ASIFormDataRequest.m */ = {isa = PBXFileReference; fileEncoding = 4; lastKnownFileType = sourcecode.c.objc; path = ASIFormDataRequest.m; sourceTree = "<group>"; };
		AB60AC8515834A2A00B33F4A /* ASIHTTPRequest.h */ = {isa = PBXFileReference; fileEncoding = 4; lastKnownFileType = sourcecode.c.h; path = ASIHTTPRequest.h; sourceTree = "<group>"; };
		AB60AC8615834A2A00B33F4A /* ASIHTTPRequest.m */ = {isa = PBXFileReference; fileEncoding = 4; lastKnownFileType = sourcecode.c.objc; path = ASIHTTPRequest.m; sourceTree = "<group>"; };
		AB60AC8715834A2A00B33F4A /* ASIHTTPRequestConfig.h */ = {isa = PBXFileReference; fileEncoding = 4; lastKnownFileType = sourcecode.c.h; path = ASIHTTPRequestConfig.h; sourceTree = "<group>"; };
		AB60AC8815834A2A00B33F4A /* ASIHTTPRequestDelegate.h */ = {isa = PBXFileReference; fileEncoding = 4; lastKnownFileType = sourcecode.c.h; path = ASIHTTPRequestDelegate.h; sourceTree = "<group>"; };
		AB60AC8915834A2A00B33F4A /* ASIInputStream.h */ = {isa = PBXFileReference; fileEncoding = 4; lastKnownFileType = sourcecode.c.h; path = ASIInputStream.h; sourceTree = "<group>"; };
		AB60AC8A15834A2A00B33F4A /* ASIInputStream.m */ = {isa = PBXFileReference; fileEncoding = 4; lastKnownFileType = sourcecode.c.objc; path = ASIInputStream.m; sourceTree = "<group>"; };
		AB60AC8B15834A2A00B33F4A /* ASINetworkQueue.h */ = {isa = PBXFileReference; fileEncoding = 4; lastKnownFileType = sourcecode.c.h; path = ASINetworkQueue.h; sourceTree = "<group>"; };
		AB60AC8C15834A2A00B33F4A /* ASINetworkQueue.m */ = {isa = PBXFileReference; fileEncoding = 4; lastKnownFileType = sourcecode.c.objc; path = ASINetworkQueue.m; sourceTree = "<group>"; };
		AB60AC8D15834A2A00B33F4A /* ASIProgressDelegate.h */ = {isa = PBXFileReference; fileEncoding = 4; lastKnownFileType = sourcecode.c.h; path = ASIProgressDelegate.h; sourceTree = "<group>"; };
		AB60AC9D15834A7000B33F4A /* User.m */ = {isa = PBXFileReference; fileEncoding = 4; lastKnownFileType = sourcecode.c.objc; path = User.m; sourceTree = "<group>"; };
		AB60AC9E15834A7000B33F4A /* User.h */ = {isa = PBXFileReference; fileEncoding = 4; lastKnownFileType = sourcecode.c.h; path = User.h; sourceTree = "<group>"; };
		AB60AC9F15834A7000B33F4A /* Status.m */ = {isa = PBXFileReference; fileEncoding = 4; lastKnownFileType = sourcecode.c.objc; path = Status.m; sourceTree = "<group>"; };
		AB60ACA015834A7000B33F4A /* Status.h */ = {isa = PBXFileReference; fileEncoding = 4; lastKnownFileType = sourcecode.c.h; path = Status.h; sourceTree = "<group>"; };
		AB60ACA115834A7000B33F4A /* DummyGapStatus.m */ = {isa = PBXFileReference; fileEncoding = 4; lastKnownFileType = sourcecode.c.objc; path = DummyGapStatus.m; sourceTree = "<group>"; };
		AB60ACA215834A7000B33F4A /* DummyGapStatus.h */ = {isa = PBXFileReference; fileEncoding = 4; lastKnownFileType = sourcecode.c.h; path = DummyGapStatus.h; sourceTree = "<group>"; };
		AB60ACA315834A7000B33F4A /* Draft.m */ = {isa = PBXFileReference; fileEncoding = 4; lastKnownFileType = sourcecode.c.objc; path = Draft.m; sourceTree = "<group>"; };
		AB60ACA415834A7000B33F4A /* Draft.h */ = {isa = PBXFileReference; fileEncoding = 4; lastKnownFileType = sourcecode.c.h; path = Draft.h; sourceTree = "<group>"; };
		AB60ACA515834A7000B33F4A /* Comment.m */ = {isa = PBXFileReference; fileEncoding = 4; lastKnownFileType = sourcecode.c.objc; path = Comment.m; sourceTree = "<group>"; };
		AB60ACA615834A7000B33F4A /* Comment.h */ = {isa = PBXFileReference; fileEncoding = 4; lastKnownFileType = sourcecode.c.h; path = Comment.h; sourceTree = "<group>"; };
		AB60ACAD15834AE300B33F4A /* NSStringAdditions.m */ = {isa = PBXFileReference; fileEncoding = 4; lastKnownFileType = sourcecode.c.objc; path = NSStringAdditions.m; sourceTree = "<group>"; };
		AB60ACAE15834AE300B33F4A /* NSStringAdditions.h */ = {isa = PBXFileReference; fileEncoding = 4; lastKnownFileType = sourcecode.c.h; path = NSStringAdditions.h; sourceTree = "<group>"; };
		AB60ACAF15834AE300B33F4A /* NSDictionaryAdditions.m */ = {isa = PBXFileReference; fileEncoding = 4; lastKnownFileType = sourcecode.c.objc; path = NSDictionaryAdditions.m; sourceTree = "<group>"; };
		AB60ACB015834AE300B33F4A /* NSDictionaryAdditions.h */ = {isa = PBXFileReference; fileEncoding = 4; lastKnownFileType = sourcecode.c.h; path = NSDictionaryAdditions.h; sourceTree = "<group>"; };
		AB60ACB115834AE300B33F4A /* NSDataAdditions.m */ = {isa = PBXFileReference; fileEncoding = 4; lastKnownFileType = sourcecode.c.objc; path = NSDataAdditions.m; sourceTree = "<group>"; };
		AB60ACB215834AE300B33F4A /* NSDataAdditions.h */ = {isa = PBXFileReference; fileEncoding = 4; lastKnownFileType = sourcecode.c.h; path = NSDataAdditions.h; sourceTree = "<group>"; };
		AB60ACB715834B3200B33F4A /* WeiBoMessageManager.m */ = {isa = PBXFileReference; fileEncoding = 4; lastKnownFileType = sourcecode.c.objc; path = WeiBoMessageManager.m; sourceTree = "<group>"; };
		AB60ACB815834B3200B33F4A /* WeiBoMessageManager.h */ = {isa = PBXFileReference; fileEncoding = 4; lastKnownFileType = sourcecode.c.h; path = WeiBoMessageManager.h; sourceTree = "<group>"; };
		AB60ACB915834B3200B33F4A /* WeiBoHttpManager.m */ = {isa = PBXFileReference; fileEncoding = 4; lastKnownFileType = sourcecode.c.objc; path = WeiBoHttpManager.m; sourceTree = "<group>"; };
		AB60ACBA15834B3200B33F4A /* WeiBoHttpManager.h */ = {isa = PBXFileReference; fileEncoding = 4; lastKnownFileType = sourcecode.c.h; path = WeiBoHttpManager.h; sourceTree = "<group>"; };
		AB60ACBD15834B5700B33F4A /* StringUtil.m */ = {isa = PBXFileReference; fileEncoding = 4; lastKnownFileType = sourcecode.c.objc; path = StringUtil.m; sourceTree = "<group>"; };
		AB60ACBE15834B5700B33F4A /* StringUtil.h */ = {isa = PBXFileReference; fileEncoding = 4; lastKnownFileType = sourcecode.c.h; path = StringUtil.h; sourceTree = "<group>"; };
		AB60ACC415834B8D00B33F4A /* MessageUI.framework */ = {isa = PBXFileReference; lastKnownFileType = wrapper.framework; name = MessageUI.framework; path = System/Library/Frameworks/MessageUI.framework; sourceTree = SDKROOT; };
		AB60ACC615834B9800B33F4A /* SystemConfiguration.framework */ = {isa = PBXFileReference; lastKnownFileType = wrapper.framework; name = SystemConfiguration.framework; path = System/Library/Frameworks/SystemConfiguration.framework; sourceTree = SDKROOT; };
		AB60ACC815834B9F00B33F4A /* Security.framework */ = {isa = PBXFileReference; lastKnownFileType = wrapper.framework; name = Security.framework; path = System/Library/Frameworks/Security.framework; sourceTree = SDKROOT; };
		AB60ACCA15834BA600B33F4A /* MobileCoreServices.framework */ = {isa = PBXFileReference; lastKnownFileType = wrapper.framework; name = MobileCoreServices.framework; path = System/Library/Frameworks/MobileCoreServices.framework; sourceTree = SDKROOT; };
		AB60ACCC15834BAC00B33F4A /* CFNetwork.framework */ = {isa = PBXFileReference; lastKnownFileType = wrapper.framework; name = CFNetwork.framework; path = System/Library/Frameworks/CFNetwork.framework; sourceTree = SDKROOT; };
		AB60ACCE15834BB900B33F4A /* libz.dylib */ = {isa = PBXFileReference; lastKnownFileType = "compiled.mach-o.dylib"; name = libz.dylib; path = usr/lib/libz.dylib; sourceTree = SDKROOT; };
		AB60ACD015834BC100B33F4A /* libicucore.dylib */ = {isa = PBXFileReference; lastKnownFileType = "compiled.mach-o.dylib"; name = libicucore.dylib; path = usr/lib/libicucore.dylib; sourceTree = SDKROOT; };
		AB60ACD215834BC900B33F4A /* libsqlite3.dylib */ = {isa = PBXFileReference; lastKnownFileType = "compiled.mach-o.dylib"; name = libsqlite3.dylib; path = usr/lib/libsqlite3.dylib; sourceTree = SDKROOT; };
		AB9A635B15836C110041EEE9 /* ImageIO.framework */ = {isa = PBXFileReference; lastKnownFileType = wrapper.framework; name = ImageIO.framework; path = System/Library/Frameworks/ImageIO.framework; sourceTree = SDKROOT; };
		AB9A636015836C660041EEE9 /* blueArrow.png */ = {isa = PBXFileReference; lastKnownFileType = image.png; path = blueArrow.png; sourceTree = "<group>"; };
		AB9A636115836C660041EEE9 /* blueArrow@2x.png */ = {isa = PBXFileReference; lastKnownFileType = image.png; path = "blueArrow@2x.png"; sourceTree = "<group>"; };
		AB9A636215836C660041EEE9 /* input_window.png */ = {isa = PBXFileReference; lastKnownFileType = image.png; path = input_window.png; sourceTree = "<group>"; };
		AB9A636315836C660041EEE9 /* input_window@2x.png */ = {isa = PBXFileReference; lastKnownFileType = image.png; path = "input_window@2x.png"; sourceTree = "<group>"; };
		AB9A636415836C660041EEE9 /* noImage50x118.png */ = {isa = PBXFileReference; lastKnownFileType = image.png; path = noImage50x118.png; sourceTree = "<group>"; };
		AB9A636515836C660041EEE9 /* noImage50x118@2x.png */ = {isa = PBXFileReference; lastKnownFileType = image.png; path = "noImage50x118@2x.png"; sourceTree = "<group>"; };
		AB9A636615836C660041EEE9 /* tabbar_greenbtn.png */ = {isa = PBXFileReference; lastKnownFileType = image.png; path = tabbar_greenbtn.png; sourceTree = "<group>"; };
		AB9A636715836C660041EEE9 /* tabbar_greenbtn@2x.png */ = {isa = PBXFileReference; lastKnownFileType = image.png; path = "tabbar_greenbtn@2x.png"; sourceTree = "<group>"; };
		AB9A636815836C660041EEE9 /* table_header_bg.png */ = {isa = PBXFileReference; lastKnownFileType = image.png; path = table_header_bg.png; sourceTree = "<group>"; };
		AB9A636915836C660041EEE9 /* table_header_bg@2x.png */ = {isa = PBXFileReference; lastKnownFileType = image.png; path = "table_header_bg@2x.png"; sourceTree = "<group>"; };
		AB9A636A15836C660041EEE9 /* timeline_rt_border_b.png */ = {isa = PBXFileReference; lastKnownFileType = image.png; path = timeline_rt_border_b.png; sourceTree = "<group>"; };
		AB9A636B15836C660041EEE9 /* timeline_rt_border_b@2x.png */ = {isa = PBXFileReference; lastKnownFileType = image.png; path = "timeline_rt_border_b@2x.png"; sourceTree = "<group>"; };
		AB9A636C15836C660041EEE9 /* timeline_rt_border_m.png */ = {isa = PBXFileReference; lastKnownFileType = image.png; path = timeline_rt_border_m.png; sourceTree = "<group>"; };
		AB9A636D15836C660041EEE9 /* timeline_rt_border_m@2x.png */ = {isa = PBXFileReference; lastKnownFileType = image.png; path = "timeline_rt_border_m@2x.png"; sourceTree = "<group>"; };
		AB9A636E15836C660041EEE9 /* timeline_rt_border_t.png */ = {isa = PBXFileReference; lastKnownFileType = image.png; path = timeline_rt_border_t.png; sourceTree = "<group>"; };
		AB9A636F15836C660041EEE9 /* timeline_rt_border_t@2x.png */ = {isa = PBXFileReference; lastKnownFileType = image.png; path = "timeline_rt_border_t@2x.png"; sourceTree = "<group>"; };
		AB9A637015836C660041EEE9 /* touxiang_40x40.png */ = {isa = PBXFileReference; lastKnownFileType = image.png; path = touxiang_40x40.png; sourceTree = "<group>"; };
		AB9A637115836C660041EEE9 /* touxiang_40x40@2x.png */ = {isa = PBXFileReference; lastKnownFileType = image.png; path = "touxiang_40x40@2x.png"; sourceTree = "<group>"; };
		AB9A637315836C660041EEE9 /* 16x16.png */ = {isa = PBXFileReference; lastKnownFileType = image.png; path = 16x16.png; sourceTree = "<group>"; };
		AB9A637415836C660041EEE9 /* 24x24.png */ = {isa = PBXFileReference; lastKnownFileType = image.png; path = 24x24.png; sourceTree = "<group>"; };
		AB9A637515836C660041EEE9 /* 32x32.png */ = {isa = PBXFileReference; lastKnownFileType = image.png; path = 32x32.png; sourceTree = "<group>"; };
		AB9A637615836C660041EEE9 /* 48x48.png */ = {isa = PBXFileReference; lastKnownFileType = image.png; path = 48x48.png; sourceTree = "<group>"; };
		AB9A637715836C660041EEE9 /* Icon-Small.png */ = {isa = PBXFileReference; lastKnownFileType = image.png; path = "Icon-Small.png"; sourceTree = "<group>"; };
		AB9A637815836C660041EEE9 /* Icon-Small@2x.png */ = {isa = PBXFileReference; lastKnownFileType = image.png; path = "Icon-Small@2x.png"; sourceTree = "<group>"; };
		AB9A637915836C660041EEE9 /* loadingImage_50x118.png */ = {isa = PBXFileReference; lastKnownFileType = image.png; path = loadingImage_50x118.png; sourceTree = "<group>"; };
		AB9A637A15836C660041EEE9 /* loadingImage_50x118@2x.png */ = {isa = PBXFileReference; lastKnownFileType = image.png; path = "loadingImage_50x118@2x.png"; sourceTree = "<group>"; };
		AB9A637B15836C660041EEE9 /* LOGO_16x16.png */ = {isa = PBXFileReference; lastKnownFileType = image.png; path = LOGO_16x16.png; sourceTree = "<group>"; };
		AB9A637C15836C660041EEE9 /* LOGO_24x24.png */ = {isa = PBXFileReference; lastKnownFileType = image.png; path = LOGO_24x24.png; sourceTree = "<group>"; };
		AB9A637D15836C660041EEE9 /* LOGO_32x32.png */ = {isa = PBXFileReference; lastKnownFileType = image.png; path = LOGO_32x32.png; sourceTree = "<group>"; };
		AB9A637E15836C660041EEE9 /* LOGO_48x48.png */ = {isa = PBXFileReference; lastKnownFileType = image.png; path = LOGO_48x48.png; sourceTree = "<group>"; };
		AB9A637F15836C660041EEE9 /* LOGO_64x64.png */ = {isa = PBXFileReference; lastKnownFileType = image.png; path = LOGO_64x64.png; sourceTree = "<group>"; };
		AB9A638015836C660041EEE9 /* statusbar_background.png */ = {isa = PBXFileReference; lastKnownFileType = image.png; path = statusbar_background.png; sourceTree = "<group>"; };
		AB9A638115836C660041EEE9 /* tabbar_whitebtn.png */ = {isa = PBXFileReference; lastKnownFileType = image.png; path = tabbar_whitebtn.png; sourceTree = "<group>"; };
		AB9A638215836C660041EEE9 /* tabbar_whitebtn@2x.png */ = {isa = PBXFileReference; lastKnownFileType = image.png; path = "tabbar_whitebtn@2x.png"; sourceTree = "<group>"; };
		AB9A638515836C660041EEE9 /* CustomScrollView.h */ = {isa = PBXFileReference; fileEncoding = 4; lastKnownFileType = sourcecode.c.h; path = CustomScrollView.h; sourceTree = "<group>"; };
		AB9A638615836C660041EEE9 /* CustomScrollView.m */ = {isa = PBXFileReference; fileEncoding = 4; lastKnownFileType = sourcecode.c.objc; path = CustomScrollView.m; sourceTree = "<group>"; };
		AB9A638715836C660041EEE9 /* GifView.h */ = {isa = PBXFileReference; fileEncoding = 4; lastKnownFileType = sourcecode.c.h; path = GifView.h; sourceTree = "<group>"; };
		AB9A638815836C660041EEE9 /* GifView.m */ = {isa = PBXFileReference; fileEncoding = 4; lastKnownFileType = sourcecode.c.objc; path = GifView.m; sourceTree = "<group>"; };
		AB9A638915836C660041EEE9 /* ImageBrowser.h */ = {isa = PBXFileReference; fileEncoding = 4; lastKnownFileType = sourcecode.c.h; path = ImageBrowser.h; sourceTree = "<group>"; };
		AB9A638A15836C660041EEE9 /* ImageBrowser.m */ = {isa = PBXFileReference; fileEncoding = 4; lastKnownFileType = sourcecode.c.objc; path = ImageBrowser.m; sourceTree = "<group>"; };
		AB9A638B15836C660041EEE9 /* ImageBrowser.xib */ = {isa = PBXFileReference; fileEncoding = 4; lastKnownFileType = file.xib; path = ImageBrowser.xib; sourceTree = "<group>"; };
		AB9A638C15836C660041EEE9 /* ImageProcess.h */ = {isa = PBXFileReference; fileEncoding = 4; lastKnownFileType = sourcecode.c.h; path = ImageProcess.h; sourceTree = "<group>"; };
		AB9A638D15836C660041EEE9 /* ImageProcess.m */ = {isa = PBXFileReference; fileEncoding = 4; lastKnownFileType = sourcecode.c.objc; path = ImageProcess.m; sourceTree = "<group>"; };
		AB9A638F15836C660041EEE9 /* EGORefreshTableHeaderView.h */ = {isa = PBXFileReference; fileEncoding = 4; lastKnownFileType = sourcecode.c.h; path = EGORefreshTableHeaderView.h; sourceTree = "<group>"; };
		AB9A639015836C660041EEE9 /* EGORefreshTableHeaderView.m */ = {isa = PBXFileReference; fileEncoding = 4; lastKnownFileType = sourcecode.c.objc; path = EGORefreshTableHeaderView.m; sourceTree = "<group>"; };
		AB9A639115836C660041EEE9 /* PullRefreshTableViewController.h */ = {isa = PBXFileReference; fileEncoding = 4; lastKnownFileType = sourcecode.c.h; path = PullRefreshTableViewController.h; sourceTree = "<group>"; };
		AB9A639215836C660041EEE9 /* PullRefreshTableViewController.m */ = {isa = PBXFileReference; fileEncoding = 4; lastKnownFileType = sourcecode.c.objc; path = PullRefreshTableViewController.m; sourceTree = "<group>"; };
		AB9A639415836C660041EEE9 /* LPBaseCell.h */ = {isa = PBXFileReference; fileEncoding = 4; lastKnownFileType = sourcecode.c.h; path = LPBaseCell.h; sourceTree = "<group>"; };
		AB9A639515836C660041EEE9 /* LPBaseCell.m */ = {isa = PBXFileReference; fileEncoding = 4; lastKnownFileType = sourcecode.c.objc; path = LPBaseCell.m; sourceTree = "<group>"; };
		AB9A639615836C660041EEE9 /* LPFriendCell.h */ = {isa = PBXFileReference; fileEncoding = 4; lastKnownFileType = sourcecode.c.h; path = LPFriendCell.h; sourceTree = "<group>"; };
		AB9A639715836C660041EEE9 /* LPFriendCell.m */ = {isa = PBXFileReference; fileEncoding = 4; lastKnownFileType = sourcecode.c.objc; path = LPFriendCell.m; sourceTree = "<group>"; };
		AB9A639815836C660041EEE9 /* LPFriendCell.xib */ = {isa = PBXFileReference; fileEncoding = 4; lastKnownFileType = file.xib; path = LPFriendCell.xib; sourceTree = "<group>"; };
		AB9A639915836C660041EEE9 /* StatusCell.h */ = {isa = PBXFileReference; fileEncoding = 4; lastKnownFileType = sourcecode.c.h; path = StatusCell.h; sourceTree = "<group>"; };
		AB9A639A15836C660041EEE9 /* StatusCell.m */ = {isa = PBXFileReference; fileEncoding = 4; lastKnownFileType = sourcecode.c.objc; path = StatusCell.m; sourceTree = "<group>"; };
		AB9A639B15836C660041EEE9 /* StatusCell.xib */ = {isa = PBXFileReference; fileEncoding = 4; lastKnownFileType = file.xib; path = StatusCell.xib; sourceTree = "<group>"; };
		AB9A639C15836C660041EEE9 /* ZJTCommentCell.h */ = {isa = PBXFileReference; fileEncoding = 4; lastKnownFileType = sourcecode.c.h; path = ZJTCommentCell.h; sourceTree = "<group>"; };
		AB9A639D15836C660041EEE9 /* ZJTCommentCell.m */ = {isa = PBXFileReference; fileEncoding = 4; lastKnownFileType = sourcecode.c.objc; path = ZJTCommentCell.m; sourceTree = "<group>"; };
		AB9A639E15836C660041EEE9 /* ZJTCommentCell.xib */ = {isa = PBXFileReference; fileEncoding = 4; lastKnownFileType = file.xib; path = ZJTCommentCell.xib; sourceTree = "<group>"; };
		AB9A63A015836C660041EEE9 /* AddCommentVC.h */ = {isa = PBXFileReference; fileEncoding = 4; lastKnownFileType = sourcecode.c.h; path = AddCommentVC.h; sourceTree = "<group>"; };
		AB9A63A115836C660041EEE9 /* AddCommentVC.m */ = {isa = PBXFileReference; fileEncoding = 4; lastKnownFileType = sourcecode.c.objc; path = AddCommentVC.m; sourceTree = "<group>"; };
		AB9A63A215836C660041EEE9 /* AddCommentVC.xib */ = {isa = PBXFileReference; fileEncoding = 4; lastKnownFileType = file.xib; path = AddCommentVC.xib; sourceTree = "<group>"; };
		AB9A63A315836C660041EEE9 /* FollowerVC.h */ = {isa = PBXFileReference; fileEncoding = 4; lastKnownFileType = sourcecode.c.h; path = FollowerVC.h; sourceTree = "<group>"; };
		AB9A63A415836C660041EEE9 /* FollowerVC.m */ = {isa = PBXFileReference; fileEncoding = 4; lastKnownFileType = sourcecode.c.objc; path = FollowerVC.m; sourceTree = "<group>"; };
		AB9A63A515836C660041EEE9 /* FollowerVC.xib */ = {isa = PBXFileReference; fileEncoding = 4; lastKnownFileType = file.xib; path = FollowerVC.xib; sourceTree = "<group>"; };
		AB9A63A615836C660041EEE9 /* OAuthWebView.h */ = {isa = PBXFileReference; fileEncoding = 4; lastKnownFileType = sourcecode.c.h; path = OAuthWebView.h; sourceTree = "<group>"; };
		AB9A63A715836C660041EEE9 /* OAuthWebView.m */ = {isa = PBXFileReference; fileEncoding = 4; lastKnownFileType = sourcecode.c.objc; path = OAuthWebView.m; sourceTree = "<group>"; };
		AB9A63A815836C660041EEE9 /* OAuthWebView.xib */ = {isa = PBXFileReference; fileEncoding = 4; lastKnownFileType = file.xib; path = OAuthWebView.xib; sourceTree = "<group>"; };
		AB9A63A915836C660041EEE9 /* ProfileVC.h */ = {isa = PBXFileReference; fileEncoding = 4; lastKnownFileType = sourcecode.c.h; path = ProfileVC.h; sourceTree = "<group>"; };
		AB9A63AA15836C660041EEE9 /* ProfileVC.m */ = {isa = PBXFileReference; fileEncoding = 4; lastKnownFileType = sourcecode.c.objc; path = ProfileVC.m; sourceTree = "<group>"; };
		AB9A63AB15836C660041EEE9 /* ProfileVC.xib */ = {isa = PBXFileReference; fileEncoding = 4; lastKnownFileType = file.xib; path = ProfileVC.xib; sourceTree = "<group>"; };
		AB9A63AC15836C660041EEE9 /* SettingVC.h */ = {isa = PBXFileReference; fileEncoding = 4; lastKnownFileType = sourcecode.c.h; path = SettingVC.h; sourceTree = "<group>"; };
		AB9A63AD15836C660041EEE9 /* SettingVC.m */ = {isa = PBXFileReference; fileEncoding = 4; lastKnownFileType = sourcecode.c.objc; path = SettingVC.m; sourceTree = "<group>"; };
		AB9A63AE15836C660041EEE9 /* SettingVC.xib */ = {isa = PBXFileReference; fileEncoding = 4; lastKnownFileType = file.xib; path = SettingVC.xib; sourceTree = "<group>"; };
		AB9A63AF15836C660041EEE9 /* StatusViewContrillerBase.h */ = {isa = PBXFileReference; fileEncoding = 4; lastKnownFileType = sourcecode.c.h; path = StatusViewContrillerBase.h; sourceTree = "<group>"; };
		AB9A63B015836C660041EEE9 /* StatusViewContrillerBase.m */ = {isa = PBXFileReference; fileEncoding = 4; lastKnownFileType = sourcecode.c.objc; path = StatusViewContrillerBase.m; sourceTree = "<group>"; };
		AB9A63B115836C660041EEE9 /* StatusViewContrillerBase.xib */ = {isa = PBXFileReference; fileEncoding = 4; lastKnownFileType = file.xib; path = StatusViewContrillerBase.xib; sourceTree = "<group>"; };
		AB9A63B215836C660041EEE9 /* TwitterVC.h */ = {isa = PBXFileReference; fileEncoding = 4; lastKnownFileType = sourcecode.c.h; path = TwitterVC.h; sourceTree = "<group>"; };
		AB9A63B315836C660041EEE9 /* TwitterVC.m */ = {isa = PBXFileReference; fileEncoding = 4; lastKnownFileType = sourcecode.c.objc; path = TwitterVC.m; sourceTree = "<group>"; };
		AB9A63B415836C660041EEE9 /* TwitterVC.xib */ = {isa = PBXFileReference; fileEncoding = 4; lastKnownFileType = file.xib; path = TwitterVC.xib; sourceTree = "<group>"; };
		AB9A63B515836C660041EEE9 /* ZJTDetailStatusVC.h */ = {isa = PBXFileReference; fileEncoding = 4; lastKnownFileType = sourcecode.c.h; path = ZJTDetailStatusVC.h; sourceTree = "<group>"; };
		AB9A63B615836C660041EEE9 /* ZJTDetailStatusVC.m */ = {isa = PBXFileReference; fileEncoding = 4; lastKnownFileType = sourcecode.c.objc; path = ZJTDetailStatusVC.m; sourceTree = "<group>"; };
		AB9A63B715836C660041EEE9 /* ZJTDetailStatusVC.xib */ = {isa = PBXFileReference; fileEncoding = 4; lastKnownFileType = file.xib; path = ZJTDetailStatusVC.xib; sourceTree = "<group>"; };
		AB9A63B815836C660041EEE9 /* ZJTHomeViewController.h */ = {isa = PBXFileReference; fileEncoding = 4; lastKnownFileType = sourcecode.c.h; path = ZJTHomeViewController.h; sourceTree = "<group>"; };
		AB9A63B915836C660041EEE9 /* ZJTHomeViewController.m */ = {isa = PBXFileReference; fileEncoding = 4; lastKnownFileType = sourcecode.c.objc; path = ZJTHomeViewController.m; sourceTree = "<group>"; };
		AB9A63BA15836C660041EEE9 /* ZJTHotRepostViewController.h */ = {isa = PBXFileReference; fileEncoding = 4; lastKnownFileType = sourcecode.c.h; path = ZJTHotRepostViewController.h; sourceTree = "<group>"; };
		AB9A63BB15836C660041EEE9 /* ZJTHotRepostViewController.m */ = {isa = PBXFileReference; fileEncoding = 4; lastKnownFileType = sourcecode.c.objc; path = ZJTHotRepostViewController.m; sourceTree = "<group>"; };
		AB9A63BC15836C660041EEE9 /* ZJTStatusBaseVC.h */ = {isa = PBXFileReference; fileEncoding = 4; lastKnownFileType = sourcecode.c.h; path = ZJTStatusBaseVC.h; sourceTree = "<group>"; };
		AB9A63BD15836C660041EEE9 /* ZJTStatusBaseVC.m */ = {isa = PBXFileReference; fileEncoding = 4; lastKnownFileType = sourcecode.c.objc; path = ZJTStatusBaseVC.m; sourceTree = "<group>"; };
		AB9A63BF15836C660041EEE9 /* SHKActivityIndicator.h */ = {isa = PBXFileReference; fileEncoding = 4; lastKnownFileType = sourcecode.c.h; path = SHKActivityIndicator.h; sourceTree = "<group>"; };
		AB9A63C015836C660041EEE9 /* SHKActivityIndicator.m */ = {isa = PBXFileReference; fileEncoding = 4; lastKnownFileType = sourcecode.c.objc; path = SHKActivityIndicator.m; sourceTree = "<group>"; };
		AB9A63C115836C660041EEE9 /* SHKDefine.h */ = {isa = PBXFileReference; fileEncoding = 4; lastKnownFileType = sourcecode.c.h; path = SHKDefine.h; sourceTree = "<group>"; };
		AB9A63C215836C660041EEE9 /* ZJTGloble.h */ = {isa = PBXFileReference; fileEncoding = 4; lastKnownFileType = sourcecode.c.h; path = ZJTGloble.h; sourceTree = "<group>"; };
		AB9A63C315836C660041EEE9 /* ZJTHelpler.h */ = {isa = PBXFileReference; fileEncoding = 4; lastKnownFileType = sourcecode.c.h; path = ZJTHelpler.h; sourceTree = "<group>"; };
		AB9A63C415836C660041EEE9 /* ZJTHelpler.m */ = {isa = PBXFileReference; fileEncoding = 4; lastKnownFileType = sourcecode.c.objc; path = ZJTHelpler.m; sourceTree = "<group>"; };
		AB9A63C515836C660041EEE9 /* ZJTStatusBarAlertWindow.h */ = {isa = PBXFileReference; fileEncoding = 4; lastKnownFileType = sourcecode.c.h; path = ZJTStatusBarAlertWindow.h; sourceTree = "<group>"; };
		AB9A63C615836C660041EEE9 /* ZJTStatusBarAlertWindow.m */ = {isa = PBXFileReference; fileEncoding = 4; lastKnownFileType = sourcecode.c.objc; path = ZJTStatusBarAlertWindow.m; sourceTree = "<group>"; };
		ABACD5EF15833ED5009E7AD2 /* MicroBlogClient.app */ = {isa = PBXFileReference; explicitFileType = wrapper.application; includeInIndex = 0; path = MicroBlogClient.app; sourceTree = BUILT_PRODUCTS_DIR; };
		ABACD5F315833ED5009E7AD2 /* UIKit.framework */ = {isa = PBXFileReference; lastKnownFileType = wrapper.framework; name = UIKit.framework; path = System/Library/Frameworks/UIKit.framework; sourceTree = SDKROOT; };
		ABACD5F515833ED5009E7AD2 /* Foundation.framework */ = {isa = PBXFileReference; lastKnownFileType = wrapper.framework; name = Foundation.framework; path = System/Library/Frameworks/Foundation.framework; sourceTree = SDKROOT; };
		ABACD5F715833ED5009E7AD2 /* CoreGraphics.framework */ = {isa = PBXFileReference; lastKnownFileType = wrapper.framework; name = CoreGraphics.framework; path = System/Library/Frameworks/CoreGraphics.framework; sourceTree = SDKROOT; };
		ABACD5FB15833ED5009E7AD2 /* MicroBlogClient-Info.plist */ = {isa = PBXFileReference; lastKnownFileType = text.plist.xml; path = "MicroBlogClient-Info.plist"; sourceTree = "<group>"; };
		ABACD5FD15833ED5009E7AD2 /* en */ = {isa = PBXFileReference; lastKnownFileType = text.plist.strings; name = en; path = en.lproj/InfoPlist.strings; sourceTree = "<group>"; };
		ABACD5FF15833ED5009E7AD2 /* main.m */ = {isa = PBXFileReference; lastKnownFileType = sourcecode.c.objc; path = main.m; sourceTree = "<group>"; };
		ABACD60115833ED5009E7AD2 /* MicroBlogClient-Prefix.pch */ = {isa = PBXFileReference; lastKnownFileType = sourcecode.c.h; path = "MicroBlogClient-Prefix.pch"; sourceTree = "<group>"; };
		ABACD60215833ED5009E7AD2 /* ZJTAppDelegate.h */ = {isa = PBXFileReference; lastKnownFileType = sourcecode.c.h; path = ZJTAppDelegate.h; sourceTree = "<group>"; };
		ABACD60315833ED5009E7AD2 /* ZJTAppDelegate.m */ = {isa = PBXFileReference; lastKnownFileType = sourcecode.c.objc; path = ZJTAppDelegate.m; sourceTree = "<group>"; };
		ABACD60515833ED5009E7AD2 /* ZJTViewController.h */ = {isa = PBXFileReference; lastKnownFileType = sourcecode.c.h; path = ZJTViewController.h; sourceTree = "<group>"; };
		ABACD60615833ED5009E7AD2 /* ZJTViewController.m */ = {isa = PBXFileReference; lastKnownFileType = sourcecode.c.objc; path = ZJTViewController.m; sourceTree = "<group>"; };
		ABACD60915833ED5009E7AD2 /* en */ = {isa = PBXFileReference; lastKnownFileType = file.xib; name = en; path = en.lproj/ZJTViewController.xib; sourceTree = "<group>"; };
/* End PBXFileReference section */

/* Begin PBXFrameworksBuildPhase section */
		ABACD5EC15833ED5009E7AD2 /* Frameworks */ = {
			isa = PBXFrameworksBuildPhase;
			buildActionMask = 2147483647;
			files = (
				AB9A635C15836C110041EEE9 /* ImageIO.framework in Frameworks */,
				AB60ACD315834BC900B33F4A /* libsqlite3.dylib in Frameworks */,
				AB60ACD115834BC100B33F4A /* libicucore.dylib in Frameworks */,
				AB60ACCF15834BB900B33F4A /* libz.dylib in Frameworks */,
				AB60ACCD15834BAC00B33F4A /* CFNetwork.framework in Frameworks */,
				AB60ACCB15834BA600B33F4A /* MobileCoreServices.framework in Frameworks */,
				AB60ACC915834B9F00B33F4A /* Security.framework in Frameworks */,
				AB60ACC715834B9800B33F4A /* SystemConfiguration.framework in Frameworks */,
				AB60ACC515834B8D00B33F4A /* MessageUI.framework in Frameworks */,
				ABACD5F415833ED5009E7AD2 /* UIKit.framework in Frameworks */,
				ABACD5F615833ED5009E7AD2 /* Foundation.framework in Frameworks */,
				ABACD5F815833ED5009E7AD2 /* CoreGraphics.framework in Frameworks */,
			);
			runOnlyForDeploymentPostprocessing = 0;
		};
/* End PBXFrameworksBuildPhase section */

/* Begin PBXGroup section */
		AB60AC68158349E100B33F4A /* NetWork */ = {
			isa = PBXGroup;
			children = (
				AB60AC6A15834A2A00B33F4A /* SBJson */,
				AB60AC7615834A2A00B33F4A /* Reachability */,
				AB60AC7915834A2A00B33F4A /* ASIHttpRequest */,
			);
			path = NetWork;
			sourceTree = "<group>";
		};
		AB60AC6A15834A2A00B33F4A /* SBJson */ = {
			isa = PBXGroup;
			children = (
				AB60AC6B15834A2A00B33F4A /* JSON.h */,
				AB60AC6C15834A2A00B33F4A /* NSObject+SBJSON.h */,
				AB60AC6D15834A2A00B33F4A /* NSObject+SBJSON.m */,
				AB60AC6E15834A2A00B33F4A /* NSString+SBJSON.h */,
				AB60AC6F15834A2A00B33F4A /* NSString+SBJSON.m */,
				AB60AC7015834A2A00B33F4A /* SBJsonBase.h */,
				AB60AC7115834A2A00B33F4A /* SBJsonBase.m */,
				AB60AC7215834A2A00B33F4A /* SBJsonParser.h */,
				AB60AC7315834A2A00B33F4A /* SBJsonParser.m */,
				AB60AC7415834A2A00B33F4A /* SBJsonWriter.h */,
				AB60AC7515834A2A00B33F4A /* SBJsonWriter.m */,
			);
			path = SBJson;
			sourceTree = "<group>";
		};
		AB60AC7615834A2A00B33F4A /* Reachability */ = {
			isa = PBXGroup;
			children = (
				AB60AC7715834A2A00B33F4A /* Reachability.h */,
				AB60AC7815834A2A00B33F4A /* Reachability.m */,
			);
			path = Reachability;
			sourceTree = "<group>";
		};
		AB60AC7915834A2A00B33F4A /* ASIHttpRequest */ = {
			isa = PBXGroup;
			children = (
				AB60AC7A15834A2A00B33F4A /* ASIAuthenticationDialog.h */,
				AB60AC7B15834A2A00B33F4A /* ASIAuthenticationDialog.m */,
				AB60AC7C15834A2A00B33F4A /* ASICacheDelegate.h */,
				AB60AC7D15834A2A00B33F4A /* ASIDataCompressor.h */,
				AB60AC7E15834A2A00B33F4A /* ASIDataCompressor.m */,
				AB60AC7F15834A2A00B33F4A /* ASIDataDecompressor.h */,
				AB60AC8015834A2A00B33F4A /* ASIDataDecompressor.m */,
				AB60AC8115834A2A00B33F4A /* ASIDownloadCache.h */,
				AB60AC8215834A2A00B33F4A /* ASIDownloadCache.m */,
				AB60AC8315834A2A00B33F4A /* ASIFormDataRequest.h */,
				AB60AC8415834A2A00B33F4A /* ASIFormDataRequest.m */,
				AB60AC8515834A2A00B33F4A /* ASIHTTPRequest.h */,
				AB60AC8615834A2A00B33F4A /* ASIHTTPRequest.m */,
				AB60AC8715834A2A00B33F4A /* ASIHTTPRequestConfig.h */,
				AB60AC8815834A2A00B33F4A /* ASIHTTPRequestDelegate.h */,
				AB60AC8915834A2A00B33F4A /* ASIInputStream.h */,
				AB60AC8A15834A2A00B33F4A /* ASIInputStream.m */,
				AB60AC8B15834A2A00B33F4A /* ASINetworkQueue.h */,
				AB60AC8C15834A2A00B33F4A /* ASINetworkQueue.m */,
				AB60AC8D15834A2A00B33F4A /* ASIProgressDelegate.h */,
			);
			path = ASIHttpRequest;
			sourceTree = "<group>";
		};
		AB60AC9C15834A5600B33F4A /* Models */ = {
			isa = PBXGroup;
			children = (
				AB60AC9D15834A7000B33F4A /* User.m */,
				AB60AC9E15834A7000B33F4A /* User.h */,
				AB60AC9F15834A7000B33F4A /* Status.m */,
				AB60ACA015834A7000B33F4A /* Status.h */,
				AB60ACA115834A7000B33F4A /* DummyGapStatus.m */,
				AB60ACA215834A7000B33F4A /* DummyGapStatus.h */,
				AB60ACA315834A7000B33F4A /* Draft.m */,
				AB60ACA415834A7000B33F4A /* Draft.h */,
				AB60ACA515834A7000B33F4A /* Comment.m */,
				AB60ACA615834A7000B33F4A /* Comment.h */,
			);
			path = Models;
			sourceTree = "<group>";
		};
		AB60ACAC15834AD500B33F4A /* Additions */ = {
			isa = PBXGroup;
			children = (
				AB60ACBD15834B5700B33F4A /* StringUtil.m */,
				AB60ACBE15834B5700B33F4A /* StringUtil.h */,
				AB60ACAD15834AE300B33F4A /* NSStringAdditions.m */,
				AB60ACAE15834AE300B33F4A /* NSStringAdditions.h */,
				AB60ACAF15834AE300B33F4A /* NSDictionaryAdditions.m */,
				AB60ACB015834AE300B33F4A /* NSDictionaryAdditions.h */,
				AB60ACB115834AE300B33F4A /* NSDataAdditions.m */,
				AB60ACB215834AE300B33F4A /* NSDataAdditions.h */,
			);
			path = Additions;
			sourceTree = "<group>";
		};
		AB60ACB615834B1300B33F4A /* MBEngins */ = {
			isa = PBXGroup;
			children = (
				AB60ACB715834B3200B33F4A /* WeiBoMessageManager.m */,
				AB60ACB815834B3200B33F4A /* WeiBoMessageManager.h */,
				AB60ACB915834B3200B33F4A /* WeiBoHttpManager.m */,
				AB60ACBA15834B3200B33F4A /* WeiBoHttpManager.h */,
			);
			path = MBEngins;
			sourceTree = "<group>";
		};
		AB9A635E15836C660041EEE9 /* Resources */ = {
			isa = PBXGroup;
			children = (
				AB9A635F15836C660041EEE9 /* Images */,
			);
			path = Resources;
			sourceTree = "<group>";
		};
		AB9A635F15836C660041EEE9 /* Images */ = {
			isa = PBXGroup;
			children = (
				AB9A636015836C660041EEE9 /* blueArrow.png */,
				AB9A636115836C660041EEE9 /* blueArrow@2x.png */,
				AB9A636215836C660041EEE9 /* input_window.png */,
				AB9A636315836C660041EEE9 /* input_window@2x.png */,
				AB9A636415836C660041EEE9 /* noImage50x118.png */,
				AB9A636515836C660041EEE9 /* noImage50x118@2x.png */,
				AB9A636615836C660041EEE9 /* tabbar_greenbtn.png */,
				AB9A636715836C660041EEE9 /* tabbar_greenbtn@2x.png */,
				AB9A636815836C660041EEE9 /* table_header_bg.png */,
				AB9A636915836C660041EEE9 /* table_header_bg@2x.png */,
				AB9A636A15836C660041EEE9 /* timeline_rt_border_b.png */,
				AB9A636B15836C660041EEE9 /* timeline_rt_border_b@2x.png */,
				AB9A636C15836C660041EEE9 /* timeline_rt_border_m.png */,
				AB9A636D15836C660041EEE9 /* timeline_rt_border_m@2x.png */,
				AB9A636E15836C660041EEE9 /* timeline_rt_border_t.png */,
				AB9A636F15836C660041EEE9 /* timeline_rt_border_t@2x.png */,
				AB9A637015836C660041EEE9 /* touxiang_40x40.png */,
				AB9A637115836C660041EEE9 /* touxiang_40x40@2x.png */,
				AB9A637215836C660041EEE9 /* WeiboImages */,
			);
			path = Images;
			sourceTree = "<group>";
		};
		AB9A637215836C660041EEE9 /* WeiboImages */ = {
			isa = PBXGroup;
			children = (
				AB9A637315836C660041EEE9 /* 16x16.png */,
				AB9A637415836C660041EEE9 /* 24x24.png */,
				AB9A637515836C660041EEE9 /* 32x32.png */,
				AB9A637615836C660041EEE9 /* 48x48.png */,
				AB9A637715836C660041EEE9 /* Icon-Small.png */,
				AB9A637815836C660041EEE9 /* Icon-Small@2x.png */,
				AB9A637915836C660041EEE9 /* loadingImage_50x118.png */,
				AB9A637A15836C660041EEE9 /* loadingImage_50x118@2x.png */,
				AB9A637B15836C660041EEE9 /* LOGO_16x16.png */,
				AB9A637C15836C660041EEE9 /* LOGO_24x24.png */,
				AB9A637D15836C660041EEE9 /* LOGO_32x32.png */,
				AB9A637E15836C660041EEE9 /* LOGO_48x48.png */,
				AB9A637F15836C660041EEE9 /* LOGO_64x64.png */,
				AB9A638015836C660041EEE9 /* statusbar_background.png */,
				AB9A638115836C660041EEE9 /* tabbar_whitebtn.png */,
				AB9A638215836C660041EEE9 /* tabbar_whitebtn@2x.png */,
			);
			path = WeiboImages;
			sourceTree = "<group>";
		};
		AB9A638315836C660041EEE9 /* UI */ = {
			isa = PBXGroup;
			children = (
				AB9A638415836C660041EEE9 /* ImageBrowser */,
				AB9A638E15836C660041EEE9 /* PullToRefresh */,
				AB9A639315836C660041EEE9 /* TableCells */,
				AB9A639F15836C660041EEE9 /* ViewControllers */,
			);
			path = UI;
			sourceTree = "<group>";
		};
		AB9A638415836C660041EEE9 /* ImageBrowser */ = {
			isa = PBXGroup;
			children = (
				AB9A638515836C660041EEE9 /* CustomScrollView.h */,
				AB9A638615836C660041EEE9 /* CustomScrollView.m */,
				AB9A638715836C660041EEE9 /* GifView.h */,
				AB9A638815836C660041EEE9 /* GifView.m */,
				AB9A638915836C660041EEE9 /* ImageBrowser.h */,
				AB9A638A15836C660041EEE9 /* ImageBrowser.m */,
				AB9A638B15836C660041EEE9 /* ImageBrowser.xib */,
				AB9A638C15836C660041EEE9 /* ImageProcess.h */,
				AB9A638D15836C660041EEE9 /* ImageProcess.m */,
			);
			path = ImageBrowser;
			sourceTree = "<group>";
		};
		AB9A638E15836C660041EEE9 /* PullToRefresh */ = {
			isa = PBXGroup;
			children = (
				AB9A638F15836C660041EEE9 /* EGORefreshTableHeaderView.h */,
				AB9A639015836C660041EEE9 /* EGORefreshTableHeaderView.m */,
				AB9A639115836C660041EEE9 /* PullRefreshTableViewController.h */,
				AB9A639215836C660041EEE9 /* PullRefreshTableViewController.m */,
			);
			path = PullToRefresh;
			sourceTree = "<group>";
		};
		AB9A639315836C660041EEE9 /* TableCells */ = {
			isa = PBXGroup;
			children = (
				AB9A639415836C660041EEE9 /* LPBaseCell.h */,
				AB9A639515836C660041EEE9 /* LPBaseCell.m */,
				AB9A639615836C660041EEE9 /* LPFriendCell.h */,
				AB9A639715836C660041EEE9 /* LPFriendCell.m */,
				AB9A639815836C660041EEE9 /* LPFriendCell.xib */,
				AB9A639915836C660041EEE9 /* StatusCell.h */,
				AB9A639A15836C660041EEE9 /* StatusCell.m */,
				AB9A639B15836C660041EEE9 /* StatusCell.xib */,
				AB9A639C15836C660041EEE9 /* ZJTCommentCell.h */,
				AB9A639D15836C660041EEE9 /* ZJTCommentCell.m */,
				AB9A639E15836C660041EEE9 /* ZJTCommentCell.xib */,
			);
			path = TableCells;
			sourceTree = "<group>";
		};
		AB9A639F15836C660041EEE9 /* ViewControllers */ = {
			isa = PBXGroup;
			children = (
				AB9A63A015836C660041EEE9 /* AddCommentVC.h */,
				AB9A63A115836C660041EEE9 /* AddCommentVC.m */,
				AB9A63A215836C660041EEE9 /* AddCommentVC.xib */,
				AB9A63A315836C660041EEE9 /* FollowerVC.h */,
				AB9A63A415836C660041EEE9 /* FollowerVC.m */,
				AB9A63A515836C660041EEE9 /* FollowerVC.xib */,
				AB9A63A615836C660041EEE9 /* OAuthWebView.h */,
				AB9A63A715836C660041EEE9 /* OAuthWebView.m */,
				AB9A63A815836C660041EEE9 /* OAuthWebView.xib */,
				AB9A63A915836C660041EEE9 /* ProfileVC.h */,
				AB9A63AA15836C660041EEE9 /* ProfileVC.m */,
				AB9A63AB15836C660041EEE9 /* ProfileVC.xib */,
				AB9A63AC15836C660041EEE9 /* SettingVC.h */,
				AB9A63AD15836C660041EEE9 /* SettingVC.m */,
				AB9A63AE15836C660041EEE9 /* SettingVC.xib */,
				AB9A63AF15836C660041EEE9 /* StatusViewContrillerBase.h */,
				AB9A63B015836C660041EEE9 /* StatusViewContrillerBase.m */,
				AB9A63B115836C660041EEE9 /* StatusViewContrillerBase.xib */,
				AB9A63B215836C660041EEE9 /* TwitterVC.h */,
				AB9A63B315836C660041EEE9 /* TwitterVC.m */,
				AB9A63B415836C660041EEE9 /* TwitterVC.xib */,
				AB9A63B515836C660041EEE9 /* ZJTDetailStatusVC.h */,
				AB9A63B615836C660041EEE9 /* ZJTDetailStatusVC.m */,
				AB9A63B715836C660041EEE9 /* ZJTDetailStatusVC.xib */,
				AB9A63B815836C660041EEE9 /* ZJTHomeViewController.h */,
				AB9A63B915836C660041EEE9 /* ZJTHomeViewController.m */,
				AB9A63BA15836C660041EEE9 /* ZJTHotRepostViewController.h */,
				AB9A63BB15836C660041EEE9 /* ZJTHotRepostViewController.m */,
				AB9A63BC15836C660041EEE9 /* ZJTStatusBaseVC.h */,
				AB9A63BD15836C660041EEE9 /* ZJTStatusBaseVC.m */,
			);
			path = ViewControllers;
			sourceTree = "<group>";
		};
		AB9A63BE15836C660041EEE9 /* ZJTTools */ = {
			isa = PBXGroup;
			children = (
				AB9A63BF15836C660041EEE9 /* SHKActivityIndicator.h */,
				AB9A63C015836C660041EEE9 /* SHKActivityIndicator.m */,
				AB9A63C115836C660041EEE9 /* SHKDefine.h */,
				AB9A63C215836C660041EEE9 /* ZJTGloble.h */,
				AB9A63C315836C660041EEE9 /* ZJTHelpler.h */,
				AB9A63C415836C660041EEE9 /* ZJTHelpler.m */,
				AB9A63C515836C660041EEE9 /* ZJTStatusBarAlertWindow.h */,
				AB9A63C615836C660041EEE9 /* ZJTStatusBarAlertWindow.m */,
			);
			path = ZJTTools;
			sourceTree = "<group>";
		};
		ABACD5E415833ED5009E7AD2 = {
			isa = PBXGroup;
			children = (
				ABACD5F915833ED5009E7AD2 /* MicroBlogClient */,
				ABACD5F215833ED5009E7AD2 /* Frameworks */,
				ABACD5F015833ED5009E7AD2 /* Products */,
			);
			sourceTree = "<group>";
		};
		ABACD5F015833ED5009E7AD2 /* Products */ = {
			isa = PBXGroup;
			children = (
				ABACD5EF15833ED5009E7AD2 /* MicroBlogClient.app */,
			);
			name = Products;
			sourceTree = "<group>";
		};
		ABACD5F215833ED5009E7AD2 /* Frameworks */ = {
			isa = PBXGroup;
			children = (
				AB9A635B15836C110041EEE9 /* ImageIO.framework */,
				AB60ACD215834BC900B33F4A /* libsqlite3.dylib */,
				AB60ACD015834BC100B33F4A /* libicucore.dylib */,
				AB60ACCE15834BB900B33F4A /* libz.dylib */,
				AB60ACCC15834BAC00B33F4A /* CFNetwork.framework */,
				AB60ACCA15834BA600B33F4A /* MobileCoreServices.framework */,
				AB60ACC815834B9F00B33F4A /* Security.framework */,
				AB60ACC615834B9800B33F4A /* SystemConfiguration.framework */,
				AB60ACC415834B8D00B33F4A /* MessageUI.framework */,
				ABACD5F315833ED5009E7AD2 /* UIKit.framework */,
				ABACD5F515833ED5009E7AD2 /* Foundation.framework */,
				ABACD5F715833ED5009E7AD2 /* CoreGraphics.framework */,
			);
			name = Frameworks;
			sourceTree = "<group>";
		};
		ABACD5F915833ED5009E7AD2 /* MicroBlogClient */ = {
			isa = PBXGroup;
			children = (
				AB9A635E15836C660041EEE9 /* Resources */,
				AB9A638315836C660041EEE9 /* UI */,
				AB9A63BE15836C660041EEE9 /* ZJTTools */,
				AB60ACB615834B1300B33F4A /* MBEngins */,
				AB60ACAC15834AD500B33F4A /* Additions */,
				AB60AC9C15834A5600B33F4A /* Models */,
				AB60AC68158349E100B33F4A /* NetWork */,
				ABACD60215833ED5009E7AD2 /* ZJTAppDelegate.h */,
				ABACD60315833ED5009E7AD2 /* ZJTAppDelegate.m */,
				ABACD60515833ED5009E7AD2 /* ZJTViewController.h */,
				ABACD60615833ED5009E7AD2 /* ZJTViewController.m */,
				ABACD60815833ED5009E7AD2 /* ZJTViewController.xib */,
				ABACD5FA15833ED5009E7AD2 /* Supporting Files */,
			);
			path = MicroBlogClient;
			sourceTree = "<group>";
		};
		ABACD5FA15833ED5009E7AD2 /* Supporting Files */ = {
			isa = PBXGroup;
			children = (
				ABACD5FB15833ED5009E7AD2 /* MicroBlogClient-Info.plist */,
				ABACD5FC15833ED5009E7AD2 /* InfoPlist.strings */,
				ABACD5FF15833ED5009E7AD2 /* main.m */,
				ABACD60115833ED5009E7AD2 /* MicroBlogClient-Prefix.pch */,
			);
			name = "Supporting Files";
			sourceTree = "<group>";
		};
/* End PBXGroup section */

/* Begin PBXNativeTarget section */
		ABACD5EE15833ED5009E7AD2 /* MicroBlogClient */ = {
			isa = PBXNativeTarget;
			buildConfigurationList = ABACD60D15833ED5009E7AD2 /* Build configuration list for PBXNativeTarget "MicroBlogClient" */;
			buildPhases = (
				ABACD5EB15833ED5009E7AD2 /* Sources */,
				ABACD5EC15833ED5009E7AD2 /* Frameworks */,
				ABACD5ED15833ED5009E7AD2 /* Resources */,
			);
			buildRules = (
			);
			dependencies = (
			);
			name = MicroBlogClient;
			productName = MicroBlogClient;
			productReference = ABACD5EF15833ED5009E7AD2 /* MicroBlogClient.app */;
			productType = "com.apple.product-type.application";
		};
/* End PBXNativeTarget section */

/* Begin PBXProject section */
		ABACD5E615833ED5009E7AD2 /* Project object */ = {
			isa = PBXProject;
			attributes = {
				CLASSPREFIX = ZJT;
				LastUpgradeCheck = 0430;
				ORGANIZATIONNAME = ZUST;
			};
			buildConfigurationList = ABACD5E915833ED5009E7AD2 /* Build configuration list for PBXProject "MicroBlogClient" */;
			compatibilityVersion = "Xcode 3.2";
			developmentRegion = English;
			hasScannedForEncodings = 0;
			knownRegions = (
				en,
			);
			mainGroup = ABACD5E415833ED5009E7AD2;
			productRefGroup = ABACD5F015833ED5009E7AD2 /* Products */;
			projectDirPath = "";
			projectRoot = "";
			targets = (
				ABACD5EE15833ED5009E7AD2 /* MicroBlogClient */,
			);
		};
/* End PBXProject section */

/* Begin PBXResourcesBuildPhase section */
		ABACD5ED15833ED5009E7AD2 /* Resources */ = {
			isa = PBXResourcesBuildPhase;
			buildActionMask = 2147483647;
			files = (
				ABACD5FE15833ED5009E7AD2 /* InfoPlist.strings in Resources */,
				ABACD60A15833ED5009E7AD2 /* ZJTViewController.xib in Resources */,
				AB9A63C715836C660041EEE9 /* blueArrow.png in Resources */,
				AB9A63C815836C670041EEE9 /* blueArrow@2x.png in Resources */,
				AB9A63C915836C670041EEE9 /* input_window.png in Resources */,
				AB9A63CA15836C670041EEE9 /* input_window@2x.png in Resources */,
				AB9A63CB15836C670041EEE9 /* noImage50x118.png in Resources */,
				AB9A63CC15836C670041EEE9 /* noImage50x118@2x.png in Resources */,
				AB9A63CD15836C670041EEE9 /* tabbar_greenbtn.png in Resources */,
				AB9A63CE15836C670041EEE9 /* tabbar_greenbtn@2x.png in Resources */,
				AB9A63CF15836C670041EEE9 /* table_header_bg.png in Resources */,
				AB9A63D015836C670041EEE9 /* table_header_bg@2x.png in Resources */,
				AB9A63D115836C670041EEE9 /* timeline_rt_border_b.png in Resources */,
				AB9A63D215836C670041EEE9 /* timeline_rt_border_b@2x.png in Resources */,
				AB9A63D315836C670041EEE9 /* timeline_rt_border_m.png in Resources */,
				AB9A63D415836C670041EEE9 /* timeline_rt_border_m@2x.png in Resources */,
				AB9A63D515836C670041EEE9 /* timeline_rt_border_t.png in Resources */,
				AB9A63D615836C670041EEE9 /* timeline_rt_border_t@2x.png in Resources */,
				AB9A63D715836C670041EEE9 /* touxiang_40x40.png in Resources */,
				AB9A63D815836C670041EEE9 /* touxiang_40x40@2x.png in Resources */,
				AB9A63D915836C670041EEE9 /* 16x16.png in Resources */,
				AB9A63DA15836C670041EEE9 /* 24x24.png in Resources */,
				AB9A63DB15836C670041EEE9 /* 32x32.png in Resources */,
				AB9A63DC15836C670041EEE9 /* 48x48.png in Resources */,
				AB9A63DD15836C670041EEE9 /* Icon-Small.png in Resources */,
				AB9A63DE15836C670041EEE9 /* Icon-Small@2x.png in Resources */,
				AB9A63DF15836C670041EEE9 /* loadingImage_50x118.png in Resources */,
				AB9A63E015836C670041EEE9 /* loadingImage_50x118@2x.png in Resources */,
				AB9A63E115836C670041EEE9 /* LOGO_16x16.png in Resources */,
				AB9A63E215836C670041EEE9 /* LOGO_24x24.png in Resources */,
				AB9A63E315836C670041EEE9 /* LOGO_32x32.png in Resources */,
				AB9A63E415836C670041EEE9 /* LOGO_48x48.png in Resources */,
				AB9A63E515836C670041EEE9 /* LOGO_64x64.png in Resources */,
				AB9A63E615836C670041EEE9 /* statusbar_background.png in Resources */,
				AB9A63E715836C670041EEE9 /* tabbar_whitebtn.png in Resources */,
				AB9A63E815836C670041EEE9 /* tabbar_whitebtn@2x.png in Resources */,
				AB9A63EC15836C670041EEE9 /* ImageBrowser.xib in Resources */,
				AB9A63F215836C670041EEE9 /* LPFriendCell.xib in Resources */,
				AB9A63F415836C670041EEE9 /* StatusCell.xib in Resources */,
				AB9A63F615836C670041EEE9 /* ZJTCommentCell.xib in Resources */,
				AB9A63F815836C670041EEE9 /* AddCommentVC.xib in Resources */,
				AB9A63FA15836C670041EEE9 /* FollowerVC.xib in Resources */,
				AB9A63FC15836C670041EEE9 /* OAuthWebView.xib in Resources */,
				AB9A63FE15836C670041EEE9 /* ProfileVC.xib in Resources */,
				AB9A640015836C670041EEE9 /* SettingVC.xib in Resources */,
				AB9A640215836C670041EEE9 /* StatusViewContrillerBase.xib in Resources */,
				AB9A640415836C670041EEE9 /* TwitterVC.xib in Resources */,
				AB9A640615836C670041EEE9 /* ZJTDetailStatusVC.xib in Resources */,
			);
			runOnlyForDeploymentPostprocessing = 0;
		};
/* End PBXResourcesBuildPhase section */

/* Begin PBXSourcesBuildPhase section */
		ABACD5EB15833ED5009E7AD2 /* Sources */ = {
			isa = PBXSourcesBuildPhase;
			buildActionMask = 2147483647;
			files = (
				ABACD60015833ED5009E7AD2 /* main.m in Sources */,
				ABACD60415833ED5009E7AD2 /* ZJTAppDelegate.m in Sources */,
				ABACD60715833ED5009E7AD2 /* ZJTViewController.m in Sources */,
				AB60AC8E15834A2A00B33F4A /* NSObject+SBJSON.m in Sources */,
				AB60AC8F15834A2A00B33F4A /* NSString+SBJSON.m in Sources */,
				AB60AC9015834A2A00B33F4A /* SBJsonBase.m in Sources */,
				AB60AC9115834A2A00B33F4A /* SBJsonParser.m in Sources */,
				AB60AC9215834A2A00B33F4A /* SBJsonWriter.m in Sources */,
				AB60AC9315834A2A00B33F4A /* Reachability.m in Sources */,
				AB60AC9415834A2A00B33F4A /* ASIAuthenticationDialog.m in Sources */,
				AB60AC9515834A2A00B33F4A /* ASIDataCompressor.m in Sources */,
				AB60AC9615834A2A00B33F4A /* ASIDataDecompressor.m in Sources */,
				AB60AC9715834A2A00B33F4A /* ASIDownloadCache.m in Sources */,
				AB60AC9815834A2A00B33F4A /* ASIFormDataRequest.m in Sources */,
				AB60AC9915834A2A00B33F4A /* ASIHTTPRequest.m in Sources */,
				AB60AC9A15834A2A00B33F4A /* ASIInputStream.m in Sources */,
				AB60AC9B15834A2A00B33F4A /* ASINetworkQueue.m in Sources */,
				AB60ACA715834A7000B33F4A /* User.m in Sources */,
				AB60ACA815834A7000B33F4A /* Status.m in Sources */,
				AB60ACA915834A7000B33F4A /* DummyGapStatus.m in Sources */,
				AB60ACAA15834A7000B33F4A /* Draft.m in Sources */,
				AB60ACAB15834A7000B33F4A /* Comment.m in Sources */,
				AB60ACB315834AE300B33F4A /* NSStringAdditions.m in Sources */,
				AB60ACB415834AE300B33F4A /* NSDictionaryAdditions.m in Sources */,
				AB60ACB515834AE300B33F4A /* NSDataAdditions.m in Sources */,
				AB60ACBB15834B3200B33F4A /* WeiBoMessageManager.m in Sources */,
				AB60ACBC15834B3200B33F4A /* WeiBoHttpManager.m in Sources */,
				AB60ACBF15834B5700B33F4A /* StringUtil.m in Sources */,
				AB9A63E915836C670041EEE9 /* CustomScrollView.m in Sources */,
				AB9A63EA15836C670041EEE9 /* GifView.m in Sources */,
				AB9A63EB15836C670041EEE9 /* ImageBrowser.m in Sources */,
				AB9A63ED15836C670041EEE9 /* ImageProcess.m in Sources */,
				AB9A63EE15836C670041EEE9 /* EGORefreshTableHeaderView.m in Sources */,
				AB9A63EF15836C670041EEE9 /* PullRefreshTableViewController.m in Sources */,
				AB9A63F015836C670041EEE9 /* LPBaseCell.m in Sources */,
				AB9A63F115836C670041EEE9 /* LPFriendCell.m in Sources */,
				AB9A63F315836C670041EEE9 /* StatusCell.m in Sources */,
				AB9A63F515836C670041EEE9 /* ZJTCommentCell.m in Sources */,
				AB9A63F715836C670041EEE9 /* AddCommentVC.m in Sources */,
				AB9A63F915836C670041EEE9 /* FollowerVC.m in Sources */,
				AB9A63FB15836C670041EEE9 /* OAuthWebView.m in Sources */,
				AB9A63FD15836C670041EEE9 /* ProfileVC.m in Sources */,
				AB9A63FF15836C670041EEE9 /* SettingVC.m in Sources */,
				AB9A640115836C670041EEE9 /* StatusViewContrillerBase.m in Sources */,
				AB9A640315836C670041EEE9 /* TwitterVC.m in Sources */,
				AB9A640515836C670041EEE9 /* ZJTDetailStatusVC.m in Sources */,
				AB9A640715836C670041EEE9 /* ZJTHomeViewController.m in Sources */,
				AB9A640815836C670041EEE9 /* ZJTHotRepostViewController.m in Sources */,
				AB9A640915836C670041EEE9 /* ZJTStatusBaseVC.m in Sources */,
				AB9A640A15836C670041EEE9 /* SHKActivityIndicator.m in Sources */,
				AB9A640B15836C670041EEE9 /* ZJTHelpler.m in Sources */,
				AB9A640C15836C670041EEE9 /* ZJTStatusBarAlertWindow.m in Sources */,
			);
			runOnlyForDeploymentPostprocessing = 0;
		};
/* End PBXSourcesBuildPhase section */

/* Begin PBXVariantGroup section */
		ABACD5FC15833ED5009E7AD2 /* InfoPlist.strings */ = {
			isa = PBXVariantGroup;
			children = (
				ABACD5FD15833ED5009E7AD2 /* en */,
			);
			name = InfoPlist.strings;
			sourceTree = "<group>";
		};
		ABACD60815833ED5009E7AD2 /* ZJTViewController.xib */ = {
			isa = PBXVariantGroup;
			children = (
				ABACD60915833ED5009E7AD2 /* en */,
			);
			name = ZJTViewController.xib;
			sourceTree = "<group>";
		};
/* End PBXVariantGroup section */

/* Begin XCBuildConfiguration section */
		ABACD60B15833ED5009E7AD2 /* Debug */ = {
			isa = XCBuildConfiguration;
			buildSettings = {
				ALWAYS_SEARCH_USER_PATHS = NO;
				ARCHS = "$(ARCHS_STANDARD_32_BIT)";
				"CODE_SIGN_IDENTITY[sdk=iphoneos*]" = "iPhone Developer";
				COPY_PHASE_STRIP = NO;
				GCC_C_LANGUAGE_STANDARD = gnu99;
				GCC_DYNAMIC_NO_PIC = NO;
				GCC_OPTIMIZATION_LEVEL = 0;
				GCC_PREPROCESSOR_DEFINITIONS = (
					"DEBUG=1",
					"$(inherited)",
				);
				GCC_SYMBOLS_PRIVATE_EXTERN = NO;
				GCC_VERSION = com.apple.compilers.llvm.clang.1_0;
				GCC_WARN_ABOUT_RETURN_TYPE = YES;
				GCC_WARN_UNINITIALIZED_AUTOS = YES;
				GCC_WARN_UNUSED_VARIABLE = YES;
				IPHONEOS_DEPLOYMENT_TARGET = 5.1;
				SDKROOT = iphoneos;
			};
			name = Debug;
		};
		ABACD60C15833ED5009E7AD2 /* Release */ = {
			isa = XCBuildConfiguration;
			buildSettings = {
				ALWAYS_SEARCH_USER_PATHS = NO;
				ARCHS = "$(ARCHS_STANDARD_32_BIT)";
				"CODE_SIGN_IDENTITY[sdk=iphoneos*]" = "iPhone Developer";
				COPY_PHASE_STRIP = YES;
				GCC_C_LANGUAGE_STANDARD = gnu99;
				GCC_VERSION = com.apple.compilers.llvm.clang.1_0;
				GCC_WARN_ABOUT_RETURN_TYPE = YES;
				GCC_WARN_UNINITIALIZED_AUTOS = YES;
				GCC_WARN_UNUSED_VARIABLE = YES;
				IPHONEOS_DEPLOYMENT_TARGET = 5.1;
				OTHER_CFLAGS = "-DNS_BLOCK_ASSERTIONS=1";
				SDKROOT = iphoneos;
				VALIDATE_PRODUCT = YES;
			};
			name = Release;
		};
		ABACD60E15833ED5009E7AD2 /* Debug */ = {
			isa = XCBuildConfiguration;
			buildSettings = {
				GCC_PRECOMPILE_PREFIX_HEADER = YES;
				GCC_PREFIX_HEADER = "MicroBlogClient/MicroBlogClient-Prefix.pch";
				INFOPLIST_FILE = "MicroBlogClient/MicroBlogClient-Info.plist";
				PRODUCT_NAME = "$(TARGET_NAME)";
				WRAPPER_EXTENSION = app;
			};
			name = Debug;
		};
		ABACD60F15833ED5009E7AD2 /* Release */ = {
			isa = XCBuildConfiguration;
			buildSettings = {
				GCC_PRECOMPILE_PREFIX_HEADER = YES;
				GCC_PREFIX_HEADER = "MicroBlogClient/MicroBlogClient-Prefix.pch";
				INFOPLIST_FILE = "MicroBlogClient/MicroBlogClient-Info.plist";
				PRODUCT_NAME = "$(TARGET_NAME)";
				WRAPPER_EXTENSION = app;
			};
			name = Release;
		};
/* End XCBuildConfiguration section */

/* Begin XCConfigurationList section */
		ABACD5E915833ED5009E7AD2 /* Build configuration list for PBXProject "MicroBlogClient" */ = {
			isa = XCConfigurationList;
			buildConfigurations = (
				ABACD60B15833ED5009E7AD2 /* Debug */,
				ABACD60C15833ED5009E7AD2 /* Release */,
			);
			defaultConfigurationIsVisible = 0;
			defaultConfigurationName = Release;
		};
		ABACD60D15833ED5009E7AD2 /* Build configuration list for PBXNativeTarget "MicroBlogClient" */ = {
			isa = XCConfigurationList;
			buildConfigurations = (
				ABACD60E15833ED5009E7AD2 /* Debug */,
				ABACD60F15833ED5009E7AD2 /* Release */,
			);
			defaultConfigurationIsVisible = 0;
			defaultConfigurationName = Release;
		};
/* End XCConfigurationList section */
	};
	rootObject = ABACD5E615833ED5009E7AD2 /* Project object */;
}
